// !$*UTF8*$!
{
	archiveVersion = 1;
	classes = {
	};
	objectVersion = 56;
	objects = {

/* Begin PBXBuildFile section */
		DD6FF2E02B48654B001AE994 /* AppDelegate.swift in Sources */ = {isa = PBXBuildFile; fileRef = DD6FF2DF2B48654B001AE994 /* AppDelegate.swift */; };
		DD6FF2E22B48654B001AE994 /* SceneDelegate.swift in Sources */ = {isa = PBXBuildFile; fileRef = DD6FF2E12B48654B001AE994 /* SceneDelegate.swift */; };
		DD6FF2E72B48654B001AE994 /* Main.storyboard in Resources */ = {isa = PBXBuildFile; fileRef = DD6FF2E52B48654B001AE994 /* Main.storyboard */; };
		DD6FF2E92B48654C001AE994 /* Assets.xcassets in Resources */ = {isa = PBXBuildFile; fileRef = DD6FF2E82B48654C001AE994 /* Assets.xcassets */; };
		DD6FF2EC2B48654C001AE994 /* LaunchScreen.storyboard in Resources */ = {isa = PBXBuildFile; fileRef = DD6FF2EA2B48654C001AE994 /* LaunchScreen.storyboard */; };
		DD6FF2F72B48654C001AE994 /* tokenizerTests.swift in Sources */ = {isa = PBXBuildFile; fileRef = DD6FF2F62B48654C001AE994 /* tokenizerTests.swift */; };
		DD6FF3012B48654C001AE994 /* tokenizerUITests.swift in Sources */ = {isa = PBXBuildFile; fileRef = DD6FF3002B48654C001AE994 /* tokenizerUITests.swift */; };
		DD6FF3032B48654C001AE994 /* tokenizerUITestsLaunchTests.swift in Sources */ = {isa = PBXBuildFile; fileRef = DD6FF3022B48654C001AE994 /* tokenizerUITestsLaunchTests.swift */; };
		DD6FF3122B486A50001AE994 /* MainPageViewController.swift in Sources */ = {isa = PBXBuildFile; fileRef = DD6FF3112B486A50001AE994 /* MainPageViewController.swift */; };
		DD6FF3152B4893C5001AE994 /* TokenizerService.swift in Sources */ = {isa = PBXBuildFile; fileRef = DD6FF3142B4893C5001AE994 /* TokenizerService.swift */; };
		DD6FF31B2B4898C4001AE994 /* ResultPageViewController.swift in Sources */ = {isa = PBXBuildFile; fileRef = DD6FF31A2B4898C4001AE994 /* ResultPageViewController.swift */; };
/* End PBXBuildFile section */

/* Begin PBXContainerItemProxy section */
		DD6FF2F32B48654C001AE994 /* PBXContainerItemProxy */ = {
			isa = PBXContainerItemProxy;
			containerPortal = DD6FF2D42B48654B001AE994 /* Project object */;
			proxyType = 1;
			remoteGlobalIDString = DD6FF2DB2B48654B001AE994;
			remoteInfo = tokenizer;
		};
		DD6FF2FD2B48654C001AE994 /* PBXContainerItemProxy */ = {
			isa = PBXContainerItemProxy;
			containerPortal = DD6FF2D42B48654B001AE994 /* Project object */;
			proxyType = 1;
			remoteGlobalIDString = DD6FF2DB2B48654B001AE994;
			remoteInfo = tokenizer;
		};
/* End PBXContainerItemProxy section */

/* Begin PBXFileReference section */
		DD6FF2DC2B48654B001AE994 /* tokenizer.app */ = {isa = PBXFileReference; explicitFileType = wrapper.application; includeInIndex = 0; path = tokenizer.app; sourceTree = BUILT_PRODUCTS_DIR; };
		DD6FF2DF2B48654B001AE994 /* AppDelegate.swift */ = {isa = PBXFileReference; lastKnownFileType = sourcecode.swift; path = AppDelegate.swift; sourceTree = "<group>"; };
		DD6FF2E12B48654B001AE994 /* SceneDelegate.swift */ = {isa = PBXFileReference; lastKnownFileType = sourcecode.swift; path = SceneDelegate.swift; sourceTree = "<group>"; };
		DD6FF2E62B48654B001AE994 /* Base */ = {isa = PBXFileReference; lastKnownFileType = file.storyboard; name = Base; path = Base.lproj/Main.storyboard; sourceTree = "<group>"; };
		DD6FF2E82B48654C001AE994 /* Assets.xcassets */ = {isa = PBXFileReference; lastKnownFileType = folder.assetcatalog; path = Assets.xcassets; sourceTree = "<group>"; };
		DD6FF2EB2B48654C001AE994 /* Base */ = {isa = PBXFileReference; lastKnownFileType = file.storyboard; name = Base; path = Base.lproj/LaunchScreen.storyboard; sourceTree = "<group>"; };
		DD6FF2ED2B48654C001AE994 /* Info.plist */ = {isa = PBXFileReference; lastKnownFileType = text.plist.xml; path = Info.plist; sourceTree = "<group>"; };
		DD6FF2F22B48654C001AE994 /* tokenizerTests.xctest */ = {isa = PBXFileReference; explicitFileType = wrapper.cfbundle; includeInIndex = 0; path = tokenizerTests.xctest; sourceTree = BUILT_PRODUCTS_DIR; };
		DD6FF2F62B48654C001AE994 /* tokenizerTests.swift */ = {isa = PBXFileReference; lastKnownFileType = sourcecode.swift; path = tokenizerTests.swift; sourceTree = "<group>"; };
		DD6FF2FC2B48654C001AE994 /* tokenizerUITests.xctest */ = {isa = PBXFileReference; explicitFileType = wrapper.cfbundle; includeInIndex = 0; path = tokenizerUITests.xctest; sourceTree = BUILT_PRODUCTS_DIR; };
		DD6FF3002B48654C001AE994 /* tokenizerUITests.swift */ = {isa = PBXFileReference; lastKnownFileType = sourcecode.swift; path = tokenizerUITests.swift; sourceTree = "<group>"; };
		DD6FF3022B48654C001AE994 /* tokenizerUITestsLaunchTests.swift */ = {isa = PBXFileReference; lastKnownFileType = sourcecode.swift; path = tokenizerUITestsLaunchTests.swift; sourceTree = "<group>"; };
		DD6FF3112B486A50001AE994 /* MainPageViewController.swift */ = {isa = PBXFileReference; lastKnownFileType = sourcecode.swift; path = MainPageViewController.swift; sourceTree = "<group>"; };
		DD6FF3142B4893C5001AE994 /* TokenizerService.swift */ = {isa = PBXFileReference; lastKnownFileType = sourcecode.swift; path = TokenizerService.swift; sourceTree = "<group>"; };
		DD6FF31A2B4898C4001AE994 /* ResultPageViewController.swift */ = {isa = PBXFileReference; lastKnownFileType = sourcecode.swift; path = ResultPageViewController.swift; sourceTree = "<group>"; };
/* End PBXFileReference section */

/* Begin PBXFrameworksBuildPhase section */
		DD6FF2D92B48654B001AE994 /* Frameworks */ = {
			isa = PBXFrameworksBuildPhase;
			buildActionMask = 2147483647;
			files = (
			);
			runOnlyForDeploymentPostprocessing = 0;
		};
		DD6FF2EF2B48654C001AE994 /* Frameworks */ = {
			isa = PBXFrameworksBuildPhase;
			buildActionMask = 2147483647;
			files = (
			);
			runOnlyForDeploymentPostprocessing = 0;
		};
		DD6FF2F92B48654C001AE994 /* Frameworks */ = {
			isa = PBXFrameworksBuildPhase;
			buildActionMask = 2147483647;
			files = (
			);
			runOnlyForDeploymentPostprocessing = 0;
		};
/* End PBXFrameworksBuildPhase section */

/* Begin PBXGroup section */
		DD6FF2D32B48654B001AE994 = {
			isa = PBXGroup;
			children = (
				DD6FF2DE2B48654B001AE994 /* tokenizer */,
				DD6FF2F52B48654C001AE994 /* tokenizerTests */,
				DD6FF2FF2B48654C001AE994 /* tokenizerUITests */,
				DD6FF2DD2B48654B001AE994 /* Products */,
			);
			sourceTree = "<group>";
		};
		DD6FF2DD2B48654B001AE994 /* Products */ = {
			isa = PBXGroup;
			children = (
				DD6FF2DC2B48654B001AE994 /* tokenizer.app */,
				DD6FF2F22B48654C001AE994 /* tokenizerTests.xctest */,
				DD6FF2FC2B48654C001AE994 /* tokenizerUITests.xctest */,
			);
			name = Products;
			sourceTree = "<group>";
		};
		DD6FF2DE2B48654B001AE994 /* tokenizer */ = {
			isa = PBXGroup;
			children = (
				DD6FF3132B4893A9001AE994 /* Service */,
				DD6FF30F2B4869C0001AE994 /* Module */,
				DD6FF2DF2B48654B001AE994 /* AppDelegate.swift */,
				DD6FF2E12B48654B001AE994 /* SceneDelegate.swift */,
				DD6FF2E82B48654C001AE994 /* Assets.xcassets */,
				DD6FF2E52B48654B001AE994 /* Main.storyboard */,
				DD6FF2EA2B48654C001AE994 /* LaunchScreen.storyboard */,
				DD6FF2ED2B48654C001AE994 /* Info.plist */,
			);
			path = tokenizer;
			sourceTree = "<group>";
		};
		DD6FF2F52B48654C001AE994 /* tokenizerTests */ = {
			isa = PBXGroup;
			children = (
				DD6FF2F62B48654C001AE994 /* tokenizerTests.swift */,
			);
			path = tokenizerTests;
			sourceTree = "<group>";
		};
		DD6FF2FF2B48654C001AE994 /* tokenizerUITests */ = {
			isa = PBXGroup;
			children = (
				DD6FF3002B48654C001AE994 /* tokenizerUITests.swift */,
				DD6FF3022B48654C001AE994 /* tokenizerUITestsLaunchTests.swift */,
			);
			path = tokenizerUITests;
			sourceTree = "<group>";
		};
		DD6FF30F2B4869C0001AE994 /* Module */ = {
			isa = PBXGroup;
			children = (
				DD6FF3162B489819001AE994 /* Result */,
				DD6FF3102B4869E6001AE994 /* Main */,
			);
			path = Module;
			sourceTree = "<group>";
		};
		DD6FF3102B4869E6001AE994 /* Main */ = {
			isa = PBXGroup;
			children = (
				DD6FF3112B486A50001AE994 /* MainPageViewController.swift */,
			);
			path = Main;
			sourceTree = "<group>";
		};
		DD6FF3132B4893A9001AE994 /* Service */ = {
			isa = PBXGroup;
			children = (
				DD6FF3142B4893C5001AE994 /* TokenizerService.swift */,
			);
			path = Service;
			sourceTree = "<group>";
		};
		DD6FF3162B489819001AE994 /* Result */ = {
			isa = PBXGroup;
			children = (
				DD6FF31A2B4898C4001AE994 /* ResultPageViewController.swift */,
			);
			path = Result;
			sourceTree = "<group>";
		};
/* End PBXGroup section */

/* Begin PBXNativeTarget section */
		DD6FF2DB2B48654B001AE994 /* tokenizer */ = {
			isa = PBXNativeTarget;
			buildConfigurationList = DD6FF3062B48654C001AE994 /* Build configuration list for PBXNativeTarget "tokenizer" */;
			buildPhases = (
				DD6FF2D82B48654B001AE994 /* Sources */,
				DD6FF2D92B48654B001AE994 /* Frameworks */,
				DD6FF2DA2B48654B001AE994 /* Resources */,
			);
			buildRules = (
			);
			dependencies = (
			);
			name = tokenizer;
			productName = tokenizer;
			productReference = DD6FF2DC2B48654B001AE994 /* tokenizer.app */;
			productType = "com.apple.product-type.application";
		};
		DD6FF2F12B48654C001AE994 /* tokenizerTests */ = {
			isa = PBXNativeTarget;
			buildConfigurationList = DD6FF3092B48654C001AE994 /* Build configuration list for PBXNativeTarget "tokenizerTests" */;
			buildPhases = (
				DD6FF2EE2B48654C001AE994 /* Sources */,
				DD6FF2EF2B48654C001AE994 /* Frameworks */,
				DD6FF2F02B48654C001AE994 /* Resources */,
			);
			buildRules = (
			);
			dependencies = (
				DD6FF2F42B48654C001AE994 /* PBXTargetDependency */,
			);
			name = tokenizerTests;
			productName = tokenizerTests;
			productReference = DD6FF2F22B48654C001AE994 /* tokenizerTests.xctest */;
			productType = "com.apple.product-type.bundle.unit-test";
		};
		DD6FF2FB2B48654C001AE994 /* tokenizerUITests */ = {
			isa = PBXNativeTarget;
			buildConfigurationList = DD6FF30C2B48654C001AE994 /* Build configuration list for PBXNativeTarget "tokenizerUITests" */;
			buildPhases = (
				DD6FF2F82B48654C001AE994 /* Sources */,
				DD6FF2F92B48654C001AE994 /* Frameworks */,
				DD6FF2FA2B48654C001AE994 /* Resources */,
			);
			buildRules = (
			);
			dependencies = (
				DD6FF2FE2B48654C001AE994 /* PBXTargetDependency */,
			);
			name = tokenizerUITests;
			productName = tokenizerUITests;
			productReference = DD6FF2FC2B48654C001AE994 /* tokenizerUITests.xctest */;
			productType = "com.apple.product-type.bundle.ui-testing";
		};
/* End PBXNativeTarget section */

/* Begin PBXProject section */
		DD6FF2D42B48654B001AE994 /* Project object */ = {
			isa = PBXProject;
			attributes = {
				BuildIndependentTargetsInParallel = 1;
				LastSwiftUpdateCheck = 1510;
				LastUpgradeCheck = 1510;
				TargetAttributes = {
					DD6FF2DB2B48654B001AE994 = {
						CreatedOnToolsVersion = 15.1;
					};
					DD6FF2F12B48654C001AE994 = {
						CreatedOnToolsVersion = 15.1;
						TestTargetID = DD6FF2DB2B48654B001AE994;
					};
					DD6FF2FB2B48654C001AE994 = {
						CreatedOnToolsVersion = 15.1;
						TestTargetID = DD6FF2DB2B48654B001AE994;
					};
				};
			};
			buildConfigurationList = DD6FF2D72B48654B001AE994 /* Build configuration list for PBXProject "tokenizer" */;
			compatibilityVersion = "Xcode 14.0";
			developmentRegion = en;
			hasScannedForEncodings = 0;
			knownRegions = (
				en,
				Base,
			);
			mainGroup = DD6FF2D32B48654B001AE994;
			productRefGroup = DD6FF2DD2B48654B001AE994 /* Products */;
			projectDirPath = "";
			projectRoot = "";
			targets = (
				DD6FF2DB2B48654B001AE994 /* tokenizer */,
				DD6FF2F12B48654C001AE994 /* tokenizerTests */,
				DD6FF2FB2B48654C001AE994 /* tokenizerUITests */,
			);
		};
/* End PBXProject section */

/* Begin PBXResourcesBuildPhase section */
		DD6FF2DA2B48654B001AE994 /* Resources */ = {
			isa = PBXResourcesBuildPhase;
			buildActionMask = 2147483647;
			files = (
				DD6FF2EC2B48654C001AE994 /* LaunchScreen.storyboard in Resources */,
				DD6FF2E92B48654C001AE994 /* Assets.xcassets in Resources */,
				DD6FF2E72B48654B001AE994 /* Main.storyboard in Resources */,
			);
			runOnlyForDeploymentPostprocessing = 0;
		};
		DD6FF2F02B48654C001AE994 /* Resources */ = {
			isa = PBXResourcesBuildPhase;
			buildActionMask = 2147483647;
			files = (
			);
			runOnlyForDeploymentPostprocessing = 0;
		};
		DD6FF2FA2B48654C001AE994 /* Resources */ = {
			isa = PBXResourcesBuildPhase;
			buildActionMask = 2147483647;
			files = (
			);
			runOnlyForDeploymentPostprocessing = 0;
		};
/* End PBXResourcesBuildPhase section */

/* Begin PBXSourcesBuildPhase section */
		DD6FF2D82B48654B001AE994 /* Sources */ = {
			isa = PBXSourcesBuildPhase;
			buildActionMask = 2147483647;
			files = (
				DD6FF2E02B48654B001AE994 /* AppDelegate.swift in Sources */,
				DD6FF31B2B4898C4001AE994 /* ResultPageViewController.swift in Sources */,
				DD6FF3152B4893C5001AE994 /* TokenizerService.swift in Sources */,
				DD6FF3122B486A50001AE994 /* MainPageViewController.swift in Sources */,
				DD6FF2E22B48654B001AE994 /* SceneDelegate.swift in Sources */,
			);
			runOnlyForDeploymentPostprocessing = 0;
		};
		DD6FF2EE2B48654C001AE994 /* Sources */ = {
			isa = PBXSourcesBuildPhase;
			buildActionMask = 2147483647;
			files = (
				DD6FF2F72B48654C001AE994 /* tokenizerTests.swift in Sources */,
			);
			runOnlyForDeploymentPostprocessing = 0;
		};
		DD6FF2F82B48654C001AE994 /* Sources */ = {
			isa = PBXSourcesBuildPhase;
			buildActionMask = 2147483647;
			files = (
				DD6FF3032B48654C001AE994 /* tokenizerUITestsLaunchTests.swift in Sources */,
				DD6FF3012B48654C001AE994 /* tokenizerUITests.swift in Sources */,
			);
			runOnlyForDeploymentPostprocessing = 0;
		};
/* End PBXSourcesBuildPhase section */

/* Begin PBXTargetDependency section */
		DD6FF2F42B48654C001AE994 /* PBXTargetDependency */ = {
			isa = PBXTargetDependency;
			target = DD6FF2DB2B48654B001AE994 /* tokenizer */;
			targetProxy = DD6FF2F32B48654C001AE994 /* PBXContainerItemProxy */;
		};
		DD6FF2FE2B48654C001AE994 /* PBXTargetDependency */ = {
			isa = PBXTargetDependency;
			target = DD6FF2DB2B48654B001AE994 /* tokenizer */;
			targetProxy = DD6FF2FD2B48654C001AE994 /* PBXContainerItemProxy */;
		};
/* End PBXTargetDependency section */

/* Begin PBXVariantGroup section */
		DD6FF2E52B48654B001AE994 /* Main.storyboard */ = {
			isa = PBXVariantGroup;
			children = (
				DD6FF2E62B48654B001AE994 /* Base */,
			);
			name = Main.storyboard;
			sourceTree = "<group>";
		};
		DD6FF2EA2B48654C001AE994 /* LaunchScreen.storyboard */ = {
			isa = PBXVariantGroup;
			children = (
				DD6FF2EB2B48654C001AE994 /* Base */,
			);
			name = LaunchScreen.storyboard;
			sourceTree = "<group>";
		};
/* End PBXVariantGroup section */

/* Begin XCBuildConfiguration section */
		DD6FF3042B48654C001AE994 /* Debug */ = {
			isa = XCBuildConfiguration;
			buildSettings = {
				ALWAYS_SEARCH_USER_PATHS = NO;
				ASSETCATALOG_COMPILER_GENERATE_SWIFT_ASSET_SYMBOL_EXTENSIONS = YES;
				CLANG_ANALYZER_NONNULL = YES;
				CLANG_ANALYZER_NUMBER_OBJECT_CONVERSION = YES_AGGRESSIVE;
				CLANG_CXX_LANGUAGE_STANDARD = "gnu++20";
				CLANG_ENABLE_MODULES = YES;
				CLANG_ENABLE_OBJC_ARC = YES;
				CLANG_ENABLE_OBJC_WEAK = YES;
				CLANG_WARN_BLOCK_CAPTURE_AUTORELEASING = YES;
				CLANG_WARN_BOOL_CONVERSION = YES;
				CLANG_WARN_COMMA = YES;
				CLANG_WARN_CONSTANT_CONVERSION = YES;
				CLANG_WARN_DEPRECATED_OBJC_IMPLEMENTATIONS = YES;
				CLANG_WARN_DIRECT_OBJC_ISA_USAGE = YES_ERROR;
				CLANG_WARN_DOCUMENTATION_COMMENTS = YES;
				CLANG_WARN_EMPTY_BODY = YES;
				CLANG_WARN_ENUM_CONVERSION = YES;
				CLANG_WARN_INFINITE_RECURSION = YES;
				CLANG_WARN_INT_CONVERSION = YES;
				CLANG_WARN_NON_LITERAL_NULL_CONVERSION = YES;
				CLANG_WARN_OBJC_IMPLICIT_RETAIN_SELF = YES;
				CLANG_WARN_OBJC_LITERAL_CONVERSION = YES;
				CLANG_WARN_OBJC_ROOT_CLASS = YES_ERROR;
				CLANG_WARN_QUOTED_INCLUDE_IN_FRAMEWORK_HEADER = YES;
				CLANG_WARN_RANGE_LOOP_ANALYSIS = YES;
				CLANG_WARN_STRICT_PROTOTYPES = YES;
				CLANG_WARN_SUSPICIOUS_MOVE = YES;
				CLANG_WARN_UNGUARDED_AVAILABILITY = YES_AGGRESSIVE;
				CLANG_WARN_UNREACHABLE_CODE = YES;
				CLANG_WARN__DUPLICATE_METHOD_MATCH = YES;
				COPY_PHASE_STRIP = NO;
				DEBUG_INFORMATION_FORMAT = dwarf;
				ENABLE_STRICT_OBJC_MSGSEND = YES;
				ENABLE_TESTABILITY = YES;
				ENABLE_USER_SCRIPT_SANDBOXING = YES;
				GCC_C_LANGUAGE_STANDARD = gnu17;
				GCC_DYNAMIC_NO_PIC = NO;
				GCC_NO_COMMON_BLOCKS = YES;
				GCC_OPTIMIZATION_LEVEL = 0;
				GCC_PREPROCESSOR_DEFINITIONS = (
					"DEBUG=1",
					"$(inherited)",
				);
				GCC_WARN_64_TO_32_BIT_CONVERSION = YES;
				GCC_WARN_ABOUT_RETURN_TYPE = YES_ERROR;
				GCC_WARN_UNDECLARED_SELECTOR = YES;
				GCC_WARN_UNINITIALIZED_AUTOS = YES_AGGRESSIVE;
				GCC_WARN_UNUSED_FUNCTION = YES;
				GCC_WARN_UNUSED_VARIABLE = YES;
				IPHONEOS_DEPLOYMENT_TARGET = 17.2;
				LOCALIZATION_PREFERS_STRING_CATALOGS = YES;
				MTL_ENABLE_DEBUG_INFO = INCLUDE_SOURCE;
				MTL_FAST_MATH = YES;
				ONLY_ACTIVE_ARCH = YES;
				SDKROOT = iphoneos;
				SWIFT_ACTIVE_COMPILATION_CONDITIONS = "DEBUG $(inherited)";
				SWIFT_OPTIMIZATION_LEVEL = "-Onone";
			};
			name = Debug;
		};
		DD6FF3052B48654C001AE994 /* Release */ = {
			isa = XCBuildConfiguration;
			buildSettings = {
				ALWAYS_SEARCH_USER_PATHS = NO;
				ASSETCATALOG_COMPILER_GENERATE_SWIFT_ASSET_SYMBOL_EXTENSIONS = YES;
				CLANG_ANALYZER_NONNULL = YES;
				CLANG_ANALYZER_NUMBER_OBJECT_CONVERSION = YES_AGGRESSIVE;
				CLANG_CXX_LANGUAGE_STANDARD = "gnu++20";
				CLANG_ENABLE_MODULES = YES;
				CLANG_ENABLE_OBJC_ARC = YES;
				CLANG_ENABLE_OBJC_WEAK = YES;
				CLANG_WARN_BLOCK_CAPTURE_AUTORELEASING = YES;
				CLANG_WARN_BOOL_CONVERSION = YES;
				CLANG_WARN_COMMA = YES;
				CLANG_WARN_CONSTANT_CONVERSION = YES;
				CLANG_WARN_DEPRECATED_OBJC_IMPLEMENTATIONS = YES;
				CLANG_WARN_DIRECT_OBJC_ISA_USAGE = YES_ERROR;
				CLANG_WARN_DOCUMENTATION_COMMENTS = YES;
				CLANG_WARN_EMPTY_BODY = YES;
				CLANG_WARN_ENUM_CONVERSION = YES;
				CLANG_WARN_INFINITE_RECURSION = YES;
				CLANG_WARN_INT_CONVERSION = YES;
				CLANG_WARN_NON_LITERAL_NULL_CONVERSION = YES;
				CLANG_WARN_OBJC_IMPLICIT_RETAIN_SELF = YES;
				CLANG_WARN_OBJC_LITERAL_CONVERSION = YES;
				CLANG_WARN_OBJC_ROOT_CLASS = YES_ERROR;
				CLANG_WARN_QUOTED_INCLUDE_IN_FRAMEWORK_HEADER = YES;
				CLANG_WARN_RANGE_LOOP_ANALYSIS = YES;
				CLANG_WARN_STRICT_PROTOTYPES = YES;
				CLANG_WARN_SUSPICIOUS_MOVE = YES;
				CLANG_WARN_UNGUARDED_AVAILABILITY = YES_AGGRESSIVE;
				CLANG_WARN_UNREACHABLE_CODE = YES;
				CLANG_WARN__DUPLICATE_METHOD_MATCH = YES;
				COPY_PHASE_STRIP = NO;
				DEBUG_INFORMATION_FORMAT = "dwarf-with-dsym";
				ENABLE_NS_ASSERTIONS = NO;
				ENABLE_STRICT_OBJC_MSGSEND = YES;
				ENABLE_USER_SCRIPT_SANDBOXING = YES;
				GCC_C_LANGUAGE_STANDARD = gnu17;
				GCC_NO_COMMON_BLOCKS = YES;
				GCC_WARN_64_TO_32_BIT_CONVERSION = YES;
				GCC_WARN_ABOUT_RETURN_TYPE = YES_ERROR;
				GCC_WARN_UNDECLARED_SELECTOR = YES;
				GCC_WARN_UNINITIALIZED_AUTOS = YES_AGGRESSIVE;
				GCC_WARN_UNUSED_FUNCTION = YES;
				GCC_WARN_UNUSED_VARIABLE = YES;
				IPHONEOS_DEPLOYMENT_TARGET = 17.2;
				LOCALIZATION_PREFERS_STRING_CATALOGS = YES;
				MTL_ENABLE_DEBUG_INFO = NO;
				MTL_FAST_MATH = YES;
				SDKROOT = iphoneos;
				SWIFT_COMPILATION_MODE = wholemodule;
				VALIDATE_PRODUCT = YES;
			};
			name = Release;
		};
		DD6FF3072B48654C001AE994 /* Debug */ = {
			isa = XCBuildConfiguration;
			buildSettings = {
				ASSETCATALOG_COMPILER_APPICON_NAME = AppIcon;
				ASSETCATALOG_COMPILER_GLOBAL_ACCENT_COLOR_NAME = AccentColor;
				CODE_SIGN_STYLE = Automatic;
				CURRENT_PROJECT_VERSION = 1;
				GENERATE_INFOPLIST_FILE = YES;
				INFOPLIST_FILE = tokenizer/Info.plist;
				INFOPLIST_KEY_UIApplicationSupportsIndirectInputEvents = YES;
				INFOPLIST_KEY_UILaunchStoryboardName = LaunchScreen;
				INFOPLIST_KEY_UIMainStoryboardFile = Main;
				INFOPLIST_KEY_UISupportedInterfaceOrientations = UIInterfaceOrientationPortrait;
				INFOPLIST_KEY_UISupportedInterfaceOrientations_iPad = "UIInterfaceOrientationLandscapeLeft UIInterfaceOrientationLandscapeRight UIInterfaceOrientationPortrait UIInterfaceOrientationPortraitUpsideDown";
				LD_RUNPATH_SEARCH_PATHS = (
					"$(inherited)",
					"@executable_path/Frameworks",
				);
				MARKETING_VERSION = 1.0;
				PRODUCT_BUNDLE_IDENTIFIER = hallovadim.tokenizer;
				PRODUCT_NAME = "$(TARGET_NAME)";
				SUPPORTED_PLATFORMS = "iphoneos iphonesimulator";
				SUPPORTS_MACCATALYST = NO;
				SUPPORTS_MAC_DESIGNED_FOR_IPHONE_IPAD = NO;
				SWIFT_EMIT_LOC_STRINGS = YES;
				SWIFT_VERSION = 5.0;
				TARGETED_DEVICE_FAMILY = 1;
			};
			name = Debug;
		};
		DD6FF3082B48654C001AE994 /* Release */ = {
			isa = XCBuildConfiguration;
			buildSettings = {
				ASSETCATALOG_COMPILER_APPICON_NAME = AppIcon;
				ASSETCATALOG_COMPILER_GLOBAL_ACCENT_COLOR_NAME = AccentColor;
				CODE_SIGN_STYLE = Automatic;
				CURRENT_PROJECT_VERSION = 1;
				GENERATE_INFOPLIST_FILE = YES;
				INFOPLIST_FILE = tokenizer/Info.plist;
				INFOPLIST_KEY_UIApplicationSupportsIndirectInputEvents = YES;
				INFOPLIST_KEY_UILaunchStoryboardName = LaunchScreen;
				INFOPLIST_KEY_UIMainStoryboardFile = Main;
				INFOPLIST_KEY_UISupportedInterfaceOrientations = UIInterfaceOrientationPortrait;
				INFOPLIST_KEY_UISupportedInterfaceOrientations_iPad = "UIInterfaceOrientationLandscapeLeft UIInterfaceOrientationLandscapeRight UIInterfaceOrientationPortrait UIInterfaceOrientationPortraitUpsideDown";
				LD_RUNPATH_SEARCH_PATHS = (
					"$(inherited)",
					"@executable_path/Frameworks",
				);
				MARKETING_VERSION = 1.0;
				PRODUCT_BUNDLE_IDENTIFIER = hallovadim.tokenizer;
				PRODUCT_NAME = "$(TARGET_NAME)";
				SUPPORTED_PLATFORMS = "iphoneos iphonesimulator";
				SUPPORTS_MACCATALYST = NO;
				SUPPORTS_MAC_DESIGNED_FOR_IPHONE_IPAD = NO;
				SWIFT_EMIT_LOC_STRINGS = YES;
				SWIFT_VERSION = 5.0;
				TARGETED_DEVICE_FAMILY = 1;
			};
			name = Release;
		};
		DD6FF30A2B48654C001AE994 /* Debug */ = {
			isa = XCBuildConfiguration;
			buildSettings = {
				ALWAYS_EMBED_SWIFT_STANDARD_LIBRARIES = YES;
				BUNDLE_LOADER = "$(TEST_HOST)";
				CODE_SIGN_STYLE = Automatic;
				CURRENT_PROJECT_VERSION = 1;
				GENERATE_INFOPLIST_FILE = YES;
				IPHONEOS_DEPLOYMENT_TARGET = 17.2;
				MARKETING_VERSION = 1.0;
				PRODUCT_BUNDLE_IDENTIFIER = hallovadim.tokenizerTests;
				PRODUCT_NAME = "$(TARGET_NAME)";
				SUPPORTED_PLATFORMS = "iphoneos iphonesimulator";
				SUPPORTS_MACCATALYST = NO;
				SUPPORTS_MAC_DESIGNED_FOR_IPHONE_IPAD = NO;
				SWIFT_EMIT_LOC_STRINGS = NO;
				SWIFT_VERSION = 5.0;
				TARGETED_DEVICE_FAMILY = 1;
				TEST_HOST = "$(BUILT_PRODUCTS_DIR)/tokenizer.app/$(BUNDLE_EXECUTABLE_FOLDER_PATH)/tokenizer";
			};
			name = Debug;
		};
		DD6FF30B2B48654C001AE994 /* Release */ = {
			isa = XCBuildConfiguration;
			buildSettings = {
				ALWAYS_EMBED_SWIFT_STANDARD_LIBRARIES = YES;
				BUNDLE_LOADER = "$(TEST_HOST)";
				CODE_SIGN_STYLE = Automatic;
				CURRENT_PROJECT_VERSION = 1;
				GENERATE_INFOPLIST_FILE = YES;
				IPHONEOS_DEPLOYMENT_TARGET = 17.2;
				MARKETING_VERSION = 1.0;
				PRODUCT_BUNDLE_IDENTIFIER = hallovadim.tokenizerTests;
				PRODUCT_NAME = "$(TARGET_NAME)";
				SUPPORTED_PLATFORMS = "iphoneos iphonesimulator";
				SUPPORTS_MACCATALYST = NO;
				SUPPORTS_MAC_DESIGNED_FOR_IPHONE_IPAD = NO;
				SWIFT_EMIT_LOC_STRINGS = NO;
				SWIFT_VERSION = 5.0;
				TARGETED_DEVICE_FAMILY = 1;
				TEST_HOST = "$(BUILT_PRODUCTS_DIR)/tokenizer.app/$(BUNDLE_EXECUTABLE_FOLDER_PATH)/tokenizer";
			};
			name = Release;
		};
		DD6FF30D2B48654C001AE994 /* Debug */ = {
			isa = XCBuildConfiguration;
			buildSettings = {
				ALWAYS_EMBED_SWIFT_STANDARD_LIBRARIES = YES;
				CODE_SIGN_STYLE = Automatic;
				CURRENT_PROJECT_VERSION = 1;
				GENERATE_INFOPLIST_FILE = YES;
				MARKETING_VERSION = 1.0;
				PRODUCT_BUNDLE_IDENTIFIER = hallovadim.tokenizerUITests;
				PRODUCT_NAME = "$(TARGET_NAME)";
				SUPPORTED_PLATFORMS = "iphoneos iphonesimulator";
				SUPPORTS_MACCATALYST = NO;
				SUPPORTS_MAC_DESIGNED_FOR_IPHONE_IPAD = NO;
				SWIFT_EMIT_LOC_STRINGS = NO;
				SWIFT_VERSION = 5.0;
				TARGETED_DEVICE_FAMILY = 1;
				TEST_TARGET_NAME = tokenizer;
			};
			name = Debug;
		};
		DD6FF30E2B48654C001AE994 /* Release */ = {
			isa = XCBuildConfiguration;
			buildSettings = {
				ALWAYS_EMBED_SWIFT_STANDARD_LIBRARIES = YES;
				CODE_SIGN_STYLE = Automatic;
				CURRENT_PROJECT_VERSION = 1;
				GENERATE_INFOPLIST_FILE = YES;
				MARKETING_VERSION = 1.0;
				PRODUCT_BUNDLE_IDENTIFIER = hallovadim.tokenizerUITests;
				PRODUCT_NAME = "$(TARGET_NAME)";
				SUPPORTED_PLATFORMS = "iphoneos iphonesimulator";
				SUPPORTS_MACCATALYST = NO;
				SUPPORTS_MAC_DESIGNED_FOR_IPHONE_IPAD = NO;
				SWIFT_EMIT_LOC_STRINGS = NO;
				SWIFT_VERSION = 5.0;
				TARGETED_DEVICE_FAMILY = 1;
				TEST_TARGET_NAME = tokenizer;
			};
			name = Release;
		};
/* End XCBuildConfiguration section */

/* Begin XCConfigurationList section */
		DD6FF2D72B48654B001AE994 /* Build configuration list for PBXProject "tokenizer" */ = {
			isa = XCConfigurationList;
			buildConfigurations = (
				DD6FF3042B48654C001AE994 /* Debug */,
				DD6FF3052B48654C001AE994 /* Release */,
			);
			defaultConfigurationIsVisible = 0;
			defaultConfigurationName = Release;
		};
		DD6FF3062B48654C001AE994 /* Build configuration list for PBXNativeTarget "tokenizer" */ = {
			isa = XCConfigurationList;
			buildConfigurations = (
				DD6FF3072B48654C001AE994 /* Debug */,
				DD6FF3082B48654C001AE994 /* Release */,
			);
			defaultConfigurationIsVisible = 0;
			defaultConfigurationName = Release;
		};
		DD6FF3092B48654C001AE994 /* Build configuration list for PBXNativeTarget "tokenizerTests" */ = {
			isa = XCConfigurationList;
			buildConfigurations = (
				DD6FF30A2B48654C001AE994 /* Debug */,
				DD6FF30B2B48654C001AE994 /* Release */,
			);
			defaultConfigurationIsVisible = 0;
			defaultConfigurationName = Release;
		};
		DD6FF30C2B48654C001AE994 /* Build configuration list for PBXNativeTarget "tokenizerUITests" */ = {
			isa = XCConfigurationList;
			buildConfigurations = (
				DD6FF30D2B48654C001AE994 /* Debug */,
				DD6FF30E2B48654C001AE994 /* Release */,
			);
			defaultConfigurationIsVisible = 0;
			defaultConfigurationName = Release;
		};
/* End XCConfigurationList section */
	};
	rootObject = DD6FF2D42B48654B001AE994 /* Project object */;
}
